
Microsoft Visual Studio Solution File, Format Version 11.00
# Visual Studio 2010
Project("{888888A0-9F3D-457C-B088-3A5042F75D52}") = "Goldenberry", "Goldenberry.pyproj", "{B50BAE63-032A-414C-B4FA-84AB7C14B6A8}"
EndProject
Project("{888888A0-9F3D-457C-B088-3A5042F75D52}") = "Widgets", "Widgets\Widgets.pyproj", "{46219D95-A355-494F-8792-1D1AC5C7A8F9}"
EndProject
Global
	GlobalSection(TeamFoundationVersionControl) = preSolution
		SccNumberOfProjects = 3
		SccEnterpriseProvider = {4CA58AB2-18FA-4F8D-95D4-32DDF27D184C}
		SccTeamFoundationServer = https://tfs.codeplex.com/tfs/tfs13
		SccLocalPath0 = .
		SccProjectUniqueName1 = Goldenberry.pyproj
		SccLocalPath1 = .
		SccProjectUniqueName2 = Widgets\\Widgets.pyproj
		SccProjectName2 = Widgets
		SccLocalPath2 = Widgets
	EndGlobalSection
	GlobalSection(SolutionConfigurationPlatforms) = preSolution
		Debug|Any CPU = Debug|Any CPU
		Release|Any CPU = Release|Any CPU
	EndGlobalSection
	GlobalSection(ProjectConfigurationPlatforms) = postSolution
		{B50BAE63-032A-414C-B4FA-84AB7C14B6A8}.Debug|Any CPU.ActiveCfg = Debug|Any CPU
		{B50BAE63-032A-414C-B4FA-84AB7C14B6A8}.Release|Any CPU.ActiveCfg = Release|Any CPU
		{46219D95-A355-494F-8792-1D1AC5C7A8F9}.Debug|Any CPU.ActiveCfg = Debug|Any CPU
		{46219D95-A355-494F-8792-1D1AC5C7A8F9}.Release|Any CPU.ActiveCfg = Release|Any CPU
	EndGlobalSection
	GlobalSection(SolutionProperties) = preSolution
		HideSolutionNode = FALSE
	EndGlobalSection
EndGlobal
