
Microsoft Visual Studio Solution File, Format Version 11.00
# Visual Studio 2010
Project("{888888A0-9F3D-457C-B088-3A5042F75D52}") = "Goldenberry", "Goldenberry\Goldenberry.pyproj", "{B50BAE63-032A-414C-B4FA-84AB7C14B6A8}"
EndProject
Project("{888888A0-9F3D-457C-B088-3A5042F75D52}") = "Goldenberry.Test", "Goldenberry.Test\Goldenberry.Test.pyproj", "{6CC780D0-FC58-4845-8382-B1B1670B0A83}"
EndProject
Global
	GlobalSection(TeamFoundationVersionControl) = preSolution
		SccNumberOfProjects = 3
		SccEnterpriseProvider = {4CA58AB2-18FA-4F8D-95D4-32DDF27D184C}
		SccTeamFoundationServer = https://tfs.codeplex.com/tfs/tfs13
		SccLocalPath0 = .
		SccProjectUniqueName1 = Goldenberry\\Goldenberry.pyproj
		SccProjectName1 = Goldenberry
		SccLocalPath1 = Goldenberry
		SccProjectUniqueName2 = Goldenberry.Test\\Goldenberry.Test.pyproj
		SccProjectName2 = Goldenberry.Test
		SccLocalPath2 = Goldenberry.Test
	EndGlobalSection
	GlobalSection(SolutionConfigurationPlatforms) = preSolution
		Debug|Any CPU = Debug|Any CPU
		Release|Any CPU = Release|Any CPU
	EndGlobalSection
	GlobalSection(ProjectConfigurationPlatforms) = postSolution
		{B50BAE63-032A-414C-B4FA-84AB7C14B6A8}.Debug|Any CPU.ActiveCfg = Debug|Any CPU
		{B50BAE63-032A-414C-B4FA-84AB7C14B6A8}.Release|Any CPU.ActiveCfg = Release|Any CPU
		{6CC780D0-FC58-4845-8382-B1B1670B0A83}.Debug|Any CPU.ActiveCfg = Debug|Any CPU
		{6CC780D0-FC58-4845-8382-B1B1670B0A83}.Release|Any CPU.ActiveCfg = Release|Any CPU
	EndGlobalSection
	GlobalSection(SolutionProperties) = preSolution
		HideSolutionNode = FALSE
	EndGlobalSection
EndGlobal
